
Microsoft Visual Studio Solution File, Format Version 12.00
# Visual Studio 15
VisualStudioVersion = 15.0.26124.0
MinimumVisualStudioVersion = 15.0.26124.0
Project("{FAE04EC0-301F-11D3-BF4B-00C04F79EFBC}") = "Api", "Api\Api.csproj", "{F6029F63-DB62-4D20-8FE8-86977B20AB62}"
EndProject
Project("{FAE04EC0-301F-11D3-BF4B-00C04F79EFBC}") = "Test", "Test\Test.csproj", "{6EAA1B85-C1EC-44C6-9BCC-E964F7DBF2F2}"
EndProject
Project("{FAE04EC0-301F-11D3-BF4B-00C04F79EFBC}") = "Server", "Server\Server.csproj", "{FB17E4FD-B021-440B-92DE-4C515AE13E45}"
EndProject
Global
	GlobalSection(SolutionConfigurationPlatforms) = preSolution
		Debug|Any CPU = Debug|Any CPU
		Debug|x64 = Debug|x64
		Debug|x86 = Debug|x86
		Release|Any CPU = Release|Any CPU
		Release|x64 = Release|x64
		Release|x86 = Release|x86
	EndGlobalSection
	GlobalSection(SolutionProperties) = preSolution
		HideSolutionNode = FALSE
	EndGlobalSection
	GlobalSection(ProjectConfigurationPlatforms) = postSolution
		{F6029F63-DB62-4D20-8FE8-86977B20AB62}.Debug|Any CPU.ActiveCfg = Debug|Any CPU
		{F6029F63-DB62-4D20-8FE8-86977B20AB62}.Debug|Any CPU.Build.0 = Debug|Any CPU
		{F6029F63-DB62-4D20-8FE8-86977B20AB62}.Debug|x64.ActiveCfg = Debug|Any CPU
		{F6029F63-DB62-4D20-8FE8-86977B20AB62}.Debug|x64.Build.0 = Debug|Any CPU
		{F6029F63-DB62-4D20-8FE8-86977B20AB62}.Debug|x86.ActiveCfg = Debug|Any CPU
		{F6029F63-DB62-4D20-8FE8-86977B20AB62}.Debug|x86.Build.0 = Debug|Any CPU
		{F6029F63-DB62-4D20-8FE8-86977B20AB62}.Release|Any CPU.ActiveCfg = Release|Any CPU
		{F6029F63-DB62-4D20-8FE8-86977B20AB62}.Release|Any CPU.Build.0 = Release|Any CPU
		{F6029F63-DB62-4D20-8FE8-86977B20AB62}.Release|x64.ActiveCfg = Release|Any CPU
		{F6029F63-DB62-4D20-8FE8-86977B20AB62}.Release|x64.Build.0 = Release|Any CPU
		{F6029F63-DB62-4D20-8FE8-86977B20AB62}.Release|x86.ActiveCfg = Release|Any CPU
		{F6029F63-DB62-4D20-8FE8-86977B20AB62}.Release|x86.Build.0 = Release|Any CPU
		{6EAA1B85-C1EC-44C6-9BCC-E964F7DBF2F2}.Debug|Any CPU.ActiveCfg = Debug|Any CPU
		{6EAA1B85-C1EC-44C6-9BCC-E964F7DBF2F2}.Debug|Any CPU.Build.0 = Debug|Any CPU
		{6EAA1B85-C1EC-44C6-9BCC-E964F7DBF2F2}.Debug|x64.ActiveCfg = Debug|Any CPU
		{6EAA1B85-C1EC-44C6-9BCC-E964F7DBF2F2}.Debug|x64.Build.0 = Debug|Any CPU
		{6EAA1B85-C1EC-44C6-9BCC-E964F7DBF2F2}.Debug|x86.ActiveCfg = Debug|Any CPU
		{6EAA1B85-C1EC-44C6-9BCC-E964F7DBF2F2}.Debug|x86.Build.0 = Debug|Any CPU
		{6EAA1B85-C1EC-44C6-9BCC-E964F7DBF2F2}.Release|Any CPU.ActiveCfg = Release|Any CPU
		{6EAA1B85-C1EC-44C6-9BCC-E964F7DBF2F2}.Release|Any CPU.Build.0 = Release|Any CPU
		{6EAA1B85-C1EC-44C6-9BCC-E964F7DBF2F2}.Release|x64.ActiveCfg = Release|Any CPU
		{6EAA1B85-C1EC-44C6-9BCC-E964F7DBF2F2}.Release|x64.Build.0 = Release|Any CPU
		{6EAA1B85-C1EC-44C6-9BCC-E964F7DBF2F2}.Release|x86.ActiveCfg = Release|Any CPU
		{6EAA1B85-C1EC-44C6-9BCC-E964F7DBF2F2}.Release|x86.Build.0 = Release|Any CPU
		{FB17E4FD-B021-440B-92DE-4C515AE13E45}.Debug|Any CPU.ActiveCfg = Debug|Any CPU
		{FB17E4FD-B021-440B-92DE-4C515AE13E45}.Debug|Any CPU.Build.0 = Debug|Any CPU
		{FB17E4FD-B021-440B-92DE-4C515AE13E45}.Debug|x64.ActiveCfg = Debug|Any CPU
		{FB17E4FD-B021-440B-92DE-4C515AE13E45}.Debug|x64.Build.0 = Debug|Any CPU
		{FB17E4FD-B021-440B-92DE-4C515AE13E45}.Debug|x86.ActiveCfg = Debug|Any CPU
		{FB17E4FD-B021-440B-92DE-4C515AE13E45}.Debug|x86.Build.0 = Debug|Any CPU
		{FB17E4FD-B021-440B-92DE-4C515AE13E45}.Release|Any CPU.ActiveCfg = Release|Any CPU
		{FB17E4FD-B021-440B-92DE-4C515AE13E45}.Release|Any CPU.Build.0 = Release|Any CPU
		{FB17E4FD-B021-440B-92DE-4C515AE13E45}.Release|x64.ActiveCfg = Release|Any CPU
		{FB17E4FD-B021-440B-92DE-4C515AE13E45}.Release|x64.Build.0 = Release|Any CPU
		{FB17E4FD-B021-440B-92DE-4C515AE13E45}.Release|x86.ActiveCfg = Release|Any CPU
		{FB17E4FD-B021-440B-92DE-4C515AE13E45}.Release|x86.Build.0 = Release|Any CPU
	EndGlobalSection
EndGlobal
